// !$*UTF8*$!
{
	archiveVersion = 1;
	classes = {
	};
	objectVersion = 77;
	objects = {

/* Begin PBXContainerItemProxy section */
		6B9382172CC2A4E500DB80E9 /* PBXContainerItemProxy */ = {
			isa = PBXContainerItemProxy;
			containerPortal = 6B9381F82CC2A4E400DB80E9 /* Project object */;
			proxyType = 1;
			remoteGlobalIDString = 6B9381FF2CC2A4E400DB80E9;
			remoteInfo = UIKitBaseArchitectureAppDemo;
		};
		6B9382212CC2A4E500DB80E9 /* PBXContainerItemProxy */ = {
			isa = PBXContainerItemProxy;
			containerPortal = 6B9381F82CC2A4E400DB80E9 /* Project object */;
			proxyType = 1;
			remoteGlobalIDString = 6B9381FF2CC2A4E400DB80E9;
			remoteInfo = UIKitBaseArchitectureAppDemo;
		};
/* End PBXContainerItemProxy section */

/* Begin PBXFileReference section */
		6B9382002CC2A4E400DB80E9 /* UIKitBaseArchitectureAppDemo.app */ = {isa = PBXFileReference; explicitFileType = wrapper.application; includeInIndex = 0; path = UIKitBaseArchitectureAppDemo.app; sourceTree = BUILT_PRODUCTS_DIR; };
		6B9382162CC2A4E500DB80E9 /* UIKitBaseArchitectureAppDemoTests.xctest */ = {isa = PBXFileReference; explicitFileType = wrapper.cfbundle; includeInIndex = 0; path = UIKitBaseArchitectureAppDemoTests.xctest; sourceTree = BUILT_PRODUCTS_DIR; };
		6B9382202CC2A4E500DB80E9 /* UIKitBaseArchitectureAppDemoUITests.xctest */ = {isa = PBXFileReference; explicitFileType = wrapper.cfbundle; includeInIndex = 0; path = UIKitBaseArchitectureAppDemoUITests.xctest; sourceTree = BUILT_PRODUCTS_DIR; };
/* End PBXFileReference section */

/* Begin PBXFileSystemSynchronizedBuildFileExceptionSet section */
		6B9382282CC2A4E500DB80E9 /* Exceptions for "UIKitBaseArchitectureAppDemo" folder in "UIKitBaseArchitectureAppDemo" target */ = {
			isa = PBXFileSystemSynchronizedBuildFileExceptionSet;
			membershipExceptions = (
				Info.plist,
			);
			target = 6B9381FF2CC2A4E400DB80E9 /* UIKitBaseArchitectureAppDemo */;
		};
/* End PBXFileSystemSynchronizedBuildFileExceptionSet section */

/* Begin PBXFileSystemSynchronizedRootGroup section */
		6B9382022CC2A4E400DB80E9 /* UIKitBaseArchitectureAppDemo */ = {
			isa = PBXFileSystemSynchronizedRootGroup;
			exceptions = (
				6B9382282CC2A4E500DB80E9 /* Exceptions for "UIKitBaseArchitectureAppDemo" folder in "UIKitBaseArchitectureAppDemo" target */,
			);
			path = UIKitBaseArchitectureAppDemo;
			sourceTree = "<group>";
		};
		6B9382192CC2A4E500DB80E9 /* UIKitBaseArchitectureAppDemoTests */ = {
			isa = PBXFileSystemSynchronizedRootGroup;
			path = UIKitBaseArchitectureAppDemoTests;
			sourceTree = "<group>";
		};
		6B9382232CC2A4E500DB80E9 /* UIKitBaseArchitectureAppDemoUITests */ = {
			isa = PBXFileSystemSynchronizedRootGroup;
			path = UIKitBaseArchitectureAppDemoUITests;
			sourceTree = "<group>";
		};
/* End PBXFileSystemSynchronizedRootGroup section */

/* Begin PBXFrameworksBuildPhase section */
		6B9381FD2CC2A4E400DB80E9 /* Frameworks */ = {
			isa = PBXFrameworksBuildPhase;
			buildActionMask = 2147483647;
			files = (
			);
			runOnlyForDeploymentPostprocessing = 0;
		};
		6B9382132CC2A4E500DB80E9 /* Frameworks */ = {
			isa = PBXFrameworksBuildPhase;
			buildActionMask = 2147483647;
			files = (
			);
			runOnlyForDeploymentPostprocessing = 0;
		};
		6B93821D2CC2A4E500DB80E9 /* Frameworks */ = {
			isa = PBXFrameworksBuildPhase;
			buildActionMask = 2147483647;
			files = (
			);
			runOnlyForDeploymentPostprocessing = 0;
		};
/* End PBXFrameworksBuildPhase section */

/* Begin PBXGroup section */
		6B9381F72CC2A4E400DB80E9 = {
			isa = PBXGroup;
			children = (
				6B9382022CC2A4E400DB80E9 /* UIKitBaseArchitectureAppDemo */,
				6B9382192CC2A4E500DB80E9 /* UIKitBaseArchitectureAppDemoTests */,
				6B9382232CC2A4E500DB80E9 /* UIKitBaseArchitectureAppDemoUITests */,
				6B9382012CC2A4E400DB80E9 /* Products */,
			);
			sourceTree = "<group>";
		};
		6B9382012CC2A4E400DB80E9 /* Products */ = {
			isa = PBXGroup;
			children = (
				6B9382002CC2A4E400DB80E9 /* UIKitBaseArchitectureAppDemo.app */,
				6B9382162CC2A4E500DB80E9 /* UIKitBaseArchitectureAppDemoTests.xctest */,
				6B9382202CC2A4E500DB80E9 /* UIKitBaseArchitectureAppDemoUITests.xctest */,
			);
			name = Products;
			sourceTree = "<group>";
		};
/* End PBXGroup section */

/* Begin PBXNativeTarget section */
		6B9381FF2CC2A4E400DB80E9 /* UIKitBaseArchitectureAppDemo */ = {
			isa = PBXNativeTarget;
			buildConfigurationList = 6B9382292CC2A4E500DB80E9 /* Build configuration list for PBXNativeTarget "UIKitBaseArchitectureAppDemo" */;
			buildPhases = (
				6B9381FC2CC2A4E400DB80E9 /* Sources */,
				6B9381FD2CC2A4E400DB80E9 /* Frameworks */,
				6B9381FE2CC2A4E400DB80E9 /* Resources */,
			);
			buildRules = (
			);
			dependencies = (
			);
			fileSystemSynchronizedGroups = (
				6B9382022CC2A4E400DB80E9 /* UIKitBaseArchitectureAppDemo */,
			);
			name = UIKitBaseArchitectureAppDemo;
			packageProductDependencies = (
			);
			productName = UIKitBaseArchitectureAppDemo;
			productReference = 6B9382002CC2A4E400DB80E9 /* UIKitBaseArchitectureAppDemo.app */;
			productType = "com.apple.product-type.application";
		};
		6B9382152CC2A4E500DB80E9 /* UIKitBaseArchitectureAppDemoTests */ = {
			isa = PBXNativeTarget;
			buildConfigurationList = 6B93822E2CC2A4E500DB80E9 /* Build configuration list for PBXNativeTarget "UIKitBaseArchitectureAppDemoTests" */;
			buildPhases = (
				6B9382122CC2A4E500DB80E9 /* Sources */,
				6B9382132CC2A4E500DB80E9 /* Frameworks */,
				6B9382142CC2A4E500DB80E9 /* Resources */,
			);
			buildRules = (
			);
			dependencies = (
				6B9382182CC2A4E500DB80E9 /* PBXTargetDependency */,
			);
			fileSystemSynchronizedGroups = (
				6B9382192CC2A4E500DB80E9 /* UIKitBaseArchitectureAppDemoTests */,
			);
			name = UIKitBaseArchitectureAppDemoTests;
			packageProductDependencies = (
			);
			productName = UIKitBaseArchitectureAppDemoTests;
			productReference = 6B9382162CC2A4E500DB80E9 /* UIKitBaseArchitectureAppDemoTests.xctest */;
			productType = "com.apple.product-type.bundle.unit-test";
		};
		6B93821F2CC2A4E500DB80E9 /* UIKitBaseArchitectureAppDemoUITests */ = {
			isa = PBXNativeTarget;
			buildConfigurationList = 6B9382312CC2A4E500DB80E9 /* Build configuration list for PBXNativeTarget "UIKitBaseArchitectureAppDemoUITests" */;
			buildPhases = (
				6B93821C2CC2A4E500DB80E9 /* Sources */,
				6B93821D2CC2A4E500DB80E9 /* Frameworks */,
				6B93821E2CC2A4E500DB80E9 /* Resources */,
			);
			buildRules = (
			);
			dependencies = (
				6B9382222CC2A4E500DB80E9 /* PBXTargetDependency */,
			);
			fileSystemSynchronizedGroups = (
				6B9382232CC2A4E500DB80E9 /* UIKitBaseArchitectureAppDemoUITests */,
			);
			name = UIKitBaseArchitectureAppDemoUITests;
			packageProductDependencies = (
			);
			productName = UIKitBaseArchitectureAppDemoUITests;
			productReference = 6B9382202CC2A4E500DB80E9 /* UIKitBaseArchitectureAppDemoUITests.xctest */;
			productType = "com.apple.product-type.bundle.ui-testing";
		};
/* End PBXNativeTarget section */

/* Begin PBXProject section */
		6B9381F82CC2A4E400DB80E9 /* Project object */ = {
			isa = PBXProject;
			attributes = {
				BuildIndependentTargetsInParallel = 1;
				LastSwiftUpdateCheck = 1600;
				LastUpgradeCheck = 1600;
				TargetAttributes = {
					6B9381FF2CC2A4E400DB80E9 = {
						CreatedOnToolsVersion = 16.0;
					};
					6B9382152CC2A4E500DB80E9 = {
						CreatedOnToolsVersion = 16.0;
						TestTargetID = 6B9381FF2CC2A4E400DB80E9;
					};
					6B93821F2CC2A4E500DB80E9 = {
						CreatedOnToolsVersion = 16.0;
						TestTargetID = 6B9381FF2CC2A4E400DB80E9;
					};
				};
			};
			buildConfigurationList = 6B9381FB2CC2A4E400DB80E9 /* Build configuration list for PBXProject "UIKitBaseArchitectureAppDemo" */;
			developmentRegion = en;
			hasScannedForEncodings = 0;
			knownRegions = (
				en,
				Base,
			);
			mainGroup = 6B9381F72CC2A4E400DB80E9;
			minimizedProjectReferenceProxies = 1;
			preferredProjectObjectVersion = 77;
			productRefGroup = 6B9382012CC2A4E400DB80E9 /* Products */;
			projectDirPath = "";
			projectRoot = "";
			targets = (
				6B9381FF2CC2A4E400DB80E9 /* UIKitBaseArchitectureAppDemo */,
				6B9382152CC2A4E500DB80E9 /* UIKitBaseArchitectureAppDemoTests */,
				6B93821F2CC2A4E500DB80E9 /* UIKitBaseArchitectureAppDemoUITests */,
			);
		};
/* End PBXProject section */

/* Begin PBXResourcesBuildPhase section */
		6B9381FE2CC2A4E400DB80E9 /* Resources */ = {
			isa = PBXResourcesBuildPhase;
			buildActionMask = 2147483647;
			files = (
			);
			runOnlyForDeploymentPostprocessing = 0;
		};
		6B9382142CC2A4E500DB80E9 /* Resources */ = {
			isa = PBXResourcesBuildPhase;
			buildActionMask = 2147483647;
			files = (
			);
			runOnlyForDeploymentPostprocessing = 0;
		};
		6B93821E2CC2A4E500DB80E9 /* Resources */ = {
			isa = PBXResourcesBuildPhase;
			buildActionMask = 2147483647;
			files = (
			);
			runOnlyForDeploymentPostprocessing = 0;
		};
/* End PBXResourcesBuildPhase section */

/* Begin PBXSourcesBuildPhase section */
		6B9381FC2CC2A4E400DB80E9 /* Sources */ = {
			isa = PBXSourcesBuildPhase;
			buildActionMask = 2147483647;
			files = (
			);
			runOnlyForDeploymentPostprocessing = 0;
		};
		6B9382122CC2A4E500DB80E9 /* Sources */ = {
			isa = PBXSourcesBuildPhase;
			buildActionMask = 2147483647;
			files = (
			);
			runOnlyForDeploymentPostprocessing = 0;
		};
		6B93821C2CC2A4E500DB80E9 /* Sources */ = {
			isa = PBXSourcesBuildPhase;
			buildActionMask = 2147483647;
			files = (
			);
			runOnlyForDeploymentPostprocessing = 0;
		};
/* End PBXSourcesBuildPhase section */

/* Begin PBXTargetDependency section */
		6B9382182CC2A4E500DB80E9 /* PBXTargetDependency */ = {
			isa = PBXTargetDependency;
			target = 6B9381FF2CC2A4E400DB80E9 /* UIKitBaseArchitectureAppDemo */;
			targetProxy = 6B9382172CC2A4E500DB80E9 /* PBXContainerItemProxy */;
		};
		6B9382222CC2A4E500DB80E9 /* PBXTargetDependency */ = {
			isa = PBXTargetDependency;
			target = 6B9381FF2CC2A4E400DB80E9 /* UIKitBaseArchitectureAppDemo */;
			targetProxy = 6B9382212CC2A4E500DB80E9 /* PBXContainerItemProxy */;
		};
/* End PBXTargetDependency section */

/* Begin XCBuildConfiguration section */
		6B93822A2CC2A4E500DB80E9 /* Debug */ = {
			isa = XCBuildConfiguration;
			buildSettings = {
				ASSETCATALOG_COMPILER_APPICON_NAME = AppIcon;
				ASSETCATALOG_COMPILER_GLOBAL_ACCENT_COLOR_NAME = AccentColor;
				CODE_SIGN_STYLE = Automatic;
				CURRENT_PROJECT_VERSION = 1;
				DEVELOPMENT_TEAM = 62693BZN4B;
				GENERATE_INFOPLIST_FILE = YES;
				INFOPLIST_FILE = UIKitBaseArchitectureAppDemo/Info.plist;
				INFOPLIST_KEY_UIApplicationSupportsIndirectInputEvents = YES;
				INFOPLIST_KEY_UILaunchStoryboardName = LaunchScreen;
				INFOPLIST_KEY_UIMainStoryboardFile = Main;
				INFOPLIST_KEY_UISupportedInterfaceOrientations_iPad = "UIInterfaceOrientationPortrait UIInterfaceOrientationPortraitUpsideDown UIInterfaceOrientationLandscapeLeft UIInterfaceOrientationLandscapeRight";
				INFOPLIST_KEY_UISupportedInterfaceOrientations_iPhone = "UIInterfaceOrientationPortrait UIInterfaceOrientationLandscapeLeft UIInterfaceOrientationLandscapeRight";
				LD_RUNPATH_SEARCH_PATHS = (
					"$(inherited)",
					"@executable_path/Frameworks",
				);
				MARKETING_VERSION = 1.0;
				PRODUCT_BUNDLE_IDENTIFIER = com.berkaydisli.UIKitBaseArchitectureAppDemo;
				PRODUCT_NAME = "$(TARGET_NAME)";
				SWIFT_EMIT_LOC_STRINGS = YES;
				SWIFT_VERSION = 5.0;
				TARGETED_DEVICE_FAMILY = "1,2";
			};
			name = Debug;
		};
		6B93822B2CC2A4E500DB80E9 /* Release */ = {
			isa = XCBuildConfiguration;
			buildSettings = {
				ASSETCATALOG_COMPILER_APPICON_NAME = AppIcon;
				ASSETCATALOG_COMPILER_GLOBAL_ACCENT_COLOR_NAME = AccentColor;
				CODE_SIGN_STYLE = Automatic;
				CURRENT_PROJECT_VERSION = 1;
				DEVELOPMENT_TEAM = 62693BZN4B;
				GENERATE_INFOPLIST_FILE = YES;
				INFOPLIST_FILE = UIKitBaseArchitectureAppDemo/Info.plist;
				INFOPLIST_KEY_UIApplicationSupportsIndirectInputEvents = YES;
				INFOPLIST_KEY_UILaunchStoryboardName = LaunchScreen;
				INFOPLIST_KEY_UIMainStoryboardFile = Main;
				INFOPLIST_KEY_UISupportedInterfaceOrientations_iPad = "UIInterfaceOrientationPortrait UIInterfaceOrientationPortraitUpsideDown UIInterfaceOrientationLandscapeLeft UIInterfaceOrientationLandscapeRight";
				INFOPLIST_KEY_UISupportedInterfaceOrientations_iPhone = "UIInterfaceOrientationPortrait UIInterfaceOrientationLandscapeLeft UIInterfaceOrientationLandscapeRight";
				LD_RUNPATH_SEARCH_PATHS = (
					"$(inherited)",
					"@executable_path/Frameworks",
				);
				MARKETING_VERSION = 1.0;
				PRODUCT_BUNDLE_IDENTIFIER = com.berkaydisli.UIKitBaseArchitectureAppDemo;
				PRODUCT_NAME = "$(TARGET_NAME)";
				SWIFT_EMIT_LOC_STRINGS = YES;
				SWIFT_VERSION = 5.0;
				TARGETED_DEVICE_FAMILY = "1,2";
			};
			name = Release;
		};
		6B93822C2CC2A4E500DB80E9 /* Debug */ = {
			isa = XCBuildConfiguration;
			buildSettings = {
				ALWAYS_SEARCH_USER_PATHS = NO;
				ASSETCATALOG_COMPILER_GENERATE_SWIFT_ASSET_SYMBOL_EXTENSIONS = YES;
				CLANG_ANALYZER_NONNULL = YES;
				CLANG_ANALYZER_NUMBER_OBJECT_CONVERSION = YES_AGGRESSIVE;
				CLANG_CXX_LANGUAGE_STANDARD = "gnu++20";
				CLANG_ENABLE_MODULES = YES;
				CLANG_ENABLE_OBJC_ARC = YES;
				CLANG_ENABLE_OBJC_WEAK = YES;
				CLANG_WARN_BLOCK_CAPTURE_AUTORELEASING = YES;
				CLANG_WARN_BOOL_CONVERSION = YES;
				CLANG_WARN_COMMA = YES;
				CLANG_WARN_CONSTANT_CONVERSION = YES;
				CLANG_WARN_DEPRECATED_OBJC_IMPLEMENTATIONS = YES;
				CLANG_WARN_DIRECT_OBJC_ISA_USAGE = YES_ERROR;
				CLANG_WARN_DOCUMENTATION_COMMENTS = YES;
				CLANG_WARN_EMPTY_BODY = YES;
				CLANG_WARN_ENUM_CONVERSION = YES;
				CLANG_WARN_INFINITE_RECURSION = YES;
				CLANG_WARN_INT_CONVERSION = YES;
				CLANG_WARN_NON_LITERAL_NULL_CONVERSION = YES;
				CLANG_WARN_OBJC_IMPLICIT_RETAIN_SELF = YES;
				CLANG_WARN_OBJC_LITERAL_CONVERSION = YES;
				CLANG_WARN_OBJC_ROOT_CLASS = YES_ERROR;
				CLANG_WARN_QUOTED_INCLUDE_IN_FRAMEWORK_HEADER = YES;
				CLANG_WARN_RANGE_LOOP_ANALYSIS = YES;
				CLANG_WARN_STRICT_PROTOTYPES = YES;
				CLANG_WARN_SUSPICIOUS_MOVE = YES;
				CLANG_WARN_UNGUARDED_AVAILABILITY = YES_AGGRESSIVE;
				CLANG_WARN_UNREACHABLE_CODE = YES;
				CLANG_WARN__DUPLICATE_METHOD_MATCH = YES;
				COPY_PHASE_STRIP = NO;
				DEBUG_INFORMATION_FORMAT = dwarf;
				ENABLE_STRICT_OBJC_MSGSEND = YES;
				ENABLE_TESTABILITY = YES;
				ENABLE_USER_SCRIPT_SANDBOXING = YES;
				GCC_C_LANGUAGE_STANDARD = gnu17;
				GCC_DYNAMIC_NO_PIC = NO;
				GCC_NO_COMMON_BLOCKS = YES;
				GCC_OPTIMIZATION_LEVEL = 0;
				GCC_PREPROCESSOR_DEFINITIONS = (
					"DEBUG=1",
					"$(inherited)",
				);
				GCC_WARN_64_TO_32_BIT_CONVERSION = YES;
				GCC_WARN_ABOUT_RETURN_TYPE = YES_ERROR;
				GCC_WARN_UNDECLARED_SELECTOR = YES;
				GCC_WARN_UNINITIALIZED_AUTOS = YES_AGGRESSIVE;
				GCC_WARN_UNUSED_FUNCTION = YES;
				GCC_WARN_UNUSED_VARIABLE = YES;
				IPHONEOS_DEPLOYMENT_TARGET = 18.0;
				LOCALIZATION_PREFERS_STRING_CATALOGS = YES;
				MTL_ENABLE_DEBUG_INFO = INCLUDE_SOURCE;
				MTL_FAST_MATH = YES;
				ONLY_ACTIVE_ARCH = YES;
				SDKROOT = iphoneos;
				SWIFT_ACTIVE_COMPILATION_CONDITIONS = "DEBUG $(inherited)";
				SWIFT_OPTIMIZATION_LEVEL = "-Onone";
			};
			name = Debug;
		};
		6B93822D2CC2A4E500DB80E9 /* Release */ = {
			isa = XCBuildConfiguration;
			buildSettings = {
				ALWAYS_SEARCH_USER_PATHS = NO;
				ASSETCATALOG_COMPILER_GENERATE_SWIFT_ASSET_SYMBOL_EXTENSIONS = YES;
				CLANG_ANALYZER_NONNULL = YES;
				CLANG_ANALYZER_NUMBER_OBJECT_CONVERSION = YES_AGGRESSIVE;
				CLANG_CXX_LANGUAGE_STANDARD = "gnu++20";
				CLANG_ENABLE_MODULES = YES;
				CLANG_ENABLE_OBJC_ARC = YES;
				CLANG_ENABLE_OBJC_WEAK = YES;
				CLANG_WARN_BLOCK_CAPTURE_AUTORELEASING = YES;
				CLANG_WARN_BOOL_CONVERSION = YES;
				CLANG_WARN_COMMA = YES;
				CLANG_WARN_CONSTANT_CONVERSION = YES;
				CLANG_WARN_DEPRECATED_OBJC_IMPLEMENTATIONS = YES;
				CLANG_WARN_DIRECT_OBJC_ISA_USAGE = YES_ERROR;
				CLANG_WARN_DOCUMENTATION_COMMENTS = YES;
				CLANG_WARN_EMPTY_BODY = YES;
				CLANG_WARN_ENUM_CONVERSION = YES;
				CLANG_WARN_INFINITE_RECURSION = YES;
				CLANG_WARN_INT_CONVERSION = YES;
				CLANG_WARN_NON_LITERAL_NULL_CONVERSION = YES;
				CLANG_WARN_OBJC_IMPLICIT_RETAIN_SELF = YES;
				CLANG_WARN_OBJC_LITERAL_CONVERSION = YES;
				CLANG_WARN_OBJC_ROOT_CLASS = YES_ERROR;
				CLANG_WARN_QUOTED_INCLUDE_IN_FRAMEWORK_HEADER = YES;
				CLANG_WARN_RANGE_LOOP_ANALYSIS = YES;
				CLANG_WARN_STRICT_PROTOTYPES = YES;
				CLANG_WARN_SUSPICIOUS_MOVE = YES;
				CLANG_WARN_UNGUARDED_AVAILABILITY = YES_AGGRESSIVE;
				CLANG_WARN_UNREACHABLE_CODE = YES;
				CLANG_WARN__DUPLICATE_METHOD_MATCH = YES;
				COPY_PHASE_STRIP = NO;
				DEBUG_INFORMATION_FORMAT = "dwarf-with-dsym";
				ENABLE_NS_ASSERTIONS = NO;
				ENABLE_STRICT_OBJC_MSGSEND = YES;
				ENABLE_USER_SCRIPT_SANDBOXING = YES;
				GCC_C_LANGUAGE_STANDARD = gnu17;
				GCC_NO_COMMON_BLOCKS = YES;
				GCC_WARN_64_TO_32_BIT_CONVERSION = YES;
				GCC_WARN_ABOUT_RETURN_TYPE = YES_ERROR;
				GCC_WARN_UNDECLARED_SELECTOR = YES;
				GCC_WARN_UNINITIALIZED_AUTOS = YES_AGGRESSIVE;
				GCC_WARN_UNUSED_FUNCTION = YES;
				GCC_WARN_UNUSED_VARIABLE = YES;
				IPHONEOS_DEPLOYMENT_TARGET = 18.0;
				LOCALIZATION_PREFERS_STRING_CATALOGS = YES;
				MTL_ENABLE_DEBUG_INFO = NO;
				MTL_FAST_MATH = YES;
				SDKROOT = iphoneos;
				SWIFT_COMPILATION_MODE = wholemodule;
				VALIDATE_PRODUCT = YES;
			};
			name = Release;
		};
		6B93822F2CC2A4E500DB80E9 /* Debug */ = {
			isa = XCBuildConfiguration;
			buildSettings = {
				BUNDLE_LOADER = "$(TEST_HOST)";
				CODE_SIGN_STYLE = Automatic;
				CURRENT_PROJECT_VERSION = 1;
				DEVELOPMENT_TEAM = 62693BZN4B;
				GENERATE_INFOPLIST_FILE = YES;
				IPHONEOS_DEPLOYMENT_TARGET = 18.0;
				MARKETING_VERSION = 1.0;
				PRODUCT_BUNDLE_IDENTIFIER = com.berkaydisli.UIKitBaseArchitectureAppDemoTests;
				PRODUCT_NAME = "$(TARGET_NAME)";
				SWIFT_EMIT_LOC_STRINGS = NO;
				SWIFT_VERSION = 5.0;
				TARGETED_DEVICE_FAMILY = "1,2";
				TEST_HOST = "$(BUILT_PRODUCTS_DIR)/UIKitBaseArchitectureAppDemo.app/$(BUNDLE_EXECUTABLE_FOLDER_PATH)/UIKitBaseArchitectureAppDemo";
			};
			name = Debug;
		};
		6B9382302CC2A4E500DB80E9 /* Release */ = {
			isa = XCBuildConfiguration;
			buildSettings = {
				BUNDLE_LOADER = "$(TEST_HOST)";
				CODE_SIGN_STYLE = Automatic;
				CURRENT_PROJECT_VERSION = 1;
				DEVELOPMENT_TEAM = 62693BZN4B;
				GENERATE_INFOPLIST_FILE = YES;
				IPHONEOS_DEPLOYMENT_TARGET = 18.0;
				MARKETING_VERSION = 1.0;
				PRODUCT_BUNDLE_IDENTIFIER = com.berkaydisli.UIKitBaseArchitectureAppDemoTests;
				PRODUCT_NAME = "$(TARGET_NAME)";
				SWIFT_EMIT_LOC_STRINGS = NO;
				SWIFT_VERSION = 5.0;
				TARGETED_DEVICE_FAMILY = "1,2";
				TEST_HOST = "$(BUILT_PRODUCTS_DIR)/UIKitBaseArchitectureAppDemo.app/$(BUNDLE_EXECUTABLE_FOLDER_PATH)/UIKitBaseArchitectureAppDemo";
			};
			name = Release;
		};
		6B9382322CC2A4E500DB80E9 /* Debug */ = {
			isa = XCBuildConfiguration;
			buildSettings = {
				CODE_SIGN_STYLE = Automatic;
				CURRENT_PROJECT_VERSION = 1;
				DEVELOPMENT_TEAM = 62693BZN4B;
				GENERATE_INFOPLIST_FILE = YES;
				MARKETING_VERSION = 1.0;
				PRODUCT_BUNDLE_IDENTIFIER = com.berkaydisli.UIKitBaseArchitectureAppDemoUITests;
				PRODUCT_NAME = "$(TARGET_NAME)";
				SWIFT_EMIT_LOC_STRINGS = NO;
				SWIFT_VERSION = 5.0;
				TARGETED_DEVICE_FAMILY = "1,2";
				TEST_TARGET_NAME = UIKitBaseArchitectureAppDemo;
			};
			name = Debug;
		};
		6B9382332CC2A4E500DB80E9 /* Release */ = {
			isa = XCBuildConfiguration;
			buildSettings = {
				CODE_SIGN_STYLE = Automatic;
				CURRENT_PROJECT_VERSION = 1;
				DEVELOPMENT_TEAM = 62693BZN4B;
				GENERATE_INFOPLIST_FILE = YES;
				MARKETING_VERSION = 1.0;
				PRODUCT_BUNDLE_IDENTIFIER = com.berkaydisli.UIKitBaseArchitectureAppDemoUITests;
				PRODUCT_NAME = "$(TARGET_NAME)";
				SWIFT_EMIT_LOC_STRINGS = NO;
				SWIFT_VERSION = 5.0;
				TARGETED_DEVICE_FAMILY = "1,2";
				TEST_TARGET_NAME = UIKitBaseArchitectureAppDemo;
			};
			name = Release;
		};
/* End XCBuildConfiguration section */

/* Begin XCConfigurationList section */
		6B9381FB2CC2A4E400DB80E9 /* Build configuration list for PBXProject "UIKitBaseArchitectureAppDemo" */ = {
			isa = XCConfigurationList;
			buildConfigurations = (
				6B93822C2CC2A4E500DB80E9 /* Debug */,
				6B93822D2CC2A4E500DB80E9 /* Release */,
			);
			defaultConfigurationIsVisible = 0;
			defaultConfigurationName = Release;
		};
		6B9382292CC2A4E500DB80E9 /* Build configuration list for PBXNativeTarget "UIKitBaseArchitectureAppDemo" */ = {
			isa = XCConfigurationList;
			buildConfigurations = (
				6B93822A2CC2A4E500DB80E9 /* Debug */,
				6B93822B2CC2A4E500DB80E9 /* Release */,
			);
			defaultConfigurationIsVisible = 0;
			defaultConfigurationName = Release;
		};
		6B93822E2CC2A4E500DB80E9 /* Build configuration list for PBXNativeTarget "UIKitBaseArchitectureAppDemoTests" */ = {
			isa = XCConfigurationList;
			buildConfigurations = (
				6B93822F2CC2A4E500DB80E9 /* Debug */,
				6B9382302CC2A4E500DB80E9 /* Release */,
			);
			defaultConfigurationIsVisible = 0;
			defaultConfigurationName = Release;
		};
		6B9382312CC2A4E500DB80E9 /* Build configuration list for PBXNativeTarget "UIKitBaseArchitectureAppDemoUITests" */ = {
			isa = XCConfigurationList;
			buildConfigurations = (
				6B9382322CC2A4E500DB80E9 /* Debug */,
				6B9382332CC2A4E500DB80E9 /* Release */,
			);
			defaultConfigurationIsVisible = 0;
			defaultConfigurationName = Release;
		};
/* End XCConfigurationList section */
	};
	rootObject = 6B9381F82CC2A4E400DB80E9 /* Project object */;
}
